
Microsoft Visual Studio Solution File, Format Version 12.00
# Visual Studio Version 17
VisualStudioVersion = 17.13.35931.197 d17.13
MinimumVisualStudioVersion = 10.0.40219.1
Project("{FAE04EC0-301F-11D3-BF4B-00C04F79EFBC}") = "WpfBasicApp01", "WpfBasicApp01\WpfBasicApp01.csproj", "{6651D17F-6980-4167-9BB1-69916BA524EE}"
EndProject
Project("{FAE04EC0-301F-11D3-BF4B-00C04F79EFBC}") = "WpfBookRentalShop01", "WpfBookRentalShop01\WpfBookRentalShop01.csproj", "{44AF984F-E8B9-4637-BE7D-7033FA90C306}"
EndProject
Global
	GlobalSection(SolutionConfigurationPlatforms) = preSolution
		Debug|Any CPU = Debug|Any CPU
		Release|Any CPU = Release|Any CPU
	EndGlobalSection
	GlobalSection(ProjectConfigurationPlatforms) = postSolution
		{6651D17F-6980-4167-9BB1-69916BA524EE}.Debug|Any CPU.ActiveCfg = Debug|Any CPU
		{6651D17F-6980-4167-9BB1-69916BA524EE}.Debug|Any CPU.Build.0 = Debug|Any CPU
		{6651D17F-6980-4167-9BB1-69916BA524EE}.Release|Any CPU.ActiveCfg = Release|Any CPU
		{6651D17F-6980-4167-9BB1-69916BA524EE}.Release|Any CPU.Build.0 = Release|Any CPU
		{44AF984F-E8B9-4637-BE7D-7033FA90C306}.Debug|Any CPU.ActiveCfg = Debug|Any CPU
		{44AF984F-E8B9-4637-BE7D-7033FA90C306}.Debug|Any CPU.Build.0 = Debug|Any CPU
		{44AF984F-E8B9-4637-BE7D-7033FA90C306}.Release|Any CPU.ActiveCfg = Release|Any CPU
		{44AF984F-E8B9-4637-BE7D-7033FA90C306}.Release|Any CPU.Build.0 = Release|Any CPU
	EndGlobalSection
	GlobalSection(SolutionProperties) = preSolution
		HideSolutionNode = FALSE
	EndGlobalSection
	GlobalSection(ExtensibilityGlobals) = postSolution
		SolutionGuid = {ECF09D57-CB19-4623-BDFD-CE0A0C0895A7}
	EndGlobalSection
EndGlobal
